// !$*UTF8*$!
{
	archiveVersion = 1;
	classes = {
	};
	objectVersion = 56;
	objects = {

/* Begin PBXBuildFile section */
		5C5C44832B842DD6007A7300 /* basicsApp.swift in Sources */ = {isa = PBXBuildFile; fileRef = 5C5C44822B842DD6007A7300 /* basicsApp.swift */; };
		5C5C44852B842DD6007A7300 /* ContentView.swift in Sources */ = {isa = PBXBuildFile; fileRef = 5C5C44842B842DD6007A7300 /* ContentView.swift */; };
		5C5C44872B842DD7007A7300 /* Assets.xcassets in Resources */ = {isa = PBXBuildFile; fileRef = 5C5C44862B842DD7007A7300 /* Assets.xcassets */; };
		5C5C448A2B842DD7007A7300 /* Preview Assets.xcassets in Resources */ = {isa = PBXBuildFile; fileRef = 5C5C44892B842DD7007A7300 /* Preview Assets.xcassets */; };
		5C5C44942B842DD7007A7300 /* basicsTests.swift in Sources */ = {isa = PBXBuildFile; fileRef = 5C5C44932B842DD7007A7300 /* basicsTests.swift */; };
		5C5C449E2B842DD7007A7300 /* basicsUITests.swift in Sources */ = {isa = PBXBuildFile; fileRef = 5C5C449D2B842DD7007A7300 /* basicsUITests.swift */; };
		5C5C44A02B842DD7007A7300 /* basicsUITestsLaunchTests.swift in Sources */ = {isa = PBXBuildFile; fileRef = 5C5C449F2B842DD7007A7300 /* basicsUITestsLaunchTests.swift */; };
/* End PBXBuildFile section */

/* Begin PBXContainerItemProxy section */
		5C5C44902B842DD7007A7300 /* PBXContainerItemProxy */ = {
			isa = PBXContainerItemProxy;
			containerPortal = 5C5C44772B842DD6007A7300 /* Project object */;
			proxyType = 1;
			remoteGlobalIDString = 5C5C447E2B842DD6007A7300;
			remoteInfo = basics;
		};
		5C5C449A2B842DD7007A7300 /* PBXContainerItemProxy */ = {
			isa = PBXContainerItemProxy;
			containerPortal = 5C5C44772B842DD6007A7300 /* Project object */;
			proxyType = 1;
			remoteGlobalIDString = 5C5C447E2B842DD6007A7300;
			remoteInfo = basics;
		};
/* End PBXContainerItemProxy section */

/* Begin PBXFileReference section */
		5C5C447F2B842DD6007A7300 /* basics.app */ = {isa = PBXFileReference; explicitFileType = wrapper.application; includeInIndex = 0; path = basics.app; sourceTree = BUILT_PRODUCTS_DIR; };
		5C5C44822B842DD6007A7300 /* basicsApp.swift */ = {isa = PBXFileReference; lastKnownFileType = sourcecode.swift; path = basicsApp.swift; sourceTree = "<group>"; };
		5C5C44842B842DD6007A7300 /* ContentView.swift */ = {isa = PBXFileReference; lastKnownFileType = sourcecode.swift; path = ContentView.swift; sourceTree = "<group>"; };
		5C5C44862B842DD7007A7300 /* Assets.xcassets */ = {isa = PBXFileReference; lastKnownFileType = folder.assetcatalog; path = Assets.xcassets; sourceTree = "<group>"; };
		5C5C44892B842DD7007A7300 /* Preview Assets.xcassets */ = {isa = PBXFileReference; lastKnownFileType = folder.assetcatalog; path = "Preview Assets.xcassets"; sourceTree = "<group>"; };
		5C5C448F2B842DD7007A7300 /* basicsTests.xctest */ = {isa = PBXFileReference; explicitFileType = wrapper.cfbundle; includeInIndex = 0; path = basicsTests.xctest; sourceTree = BUILT_PRODUCTS_DIR; };
		5C5C44932B842DD7007A7300 /* basicsTests.swift */ = {isa = PBXFileReference; lastKnownFileType = sourcecode.swift; path = basicsTests.swift; sourceTree = "<group>"; };
		5C5C44992B842DD7007A7300 /* basicsUITests.xctest */ = {isa = PBXFileReference; explicitFileType = wrapper.cfbundle; includeInIndex = 0; path = basicsUITests.xctest; sourceTree = BUILT_PRODUCTS_DIR; };
		5C5C449D2B842DD7007A7300 /* basicsUITests.swift */ = {isa = PBXFileReference; lastKnownFileType = sourcecode.swift; path = basicsUITests.swift; sourceTree = "<group>"; };
		5C5C449F2B842DD7007A7300 /* basicsUITestsLaunchTests.swift */ = {isa = PBXFileReference; lastKnownFileType = sourcecode.swift; path = basicsUITestsLaunchTests.swift; sourceTree = "<group>"; };
/* End PBXFileReference section */

/* Begin PBXFrameworksBuildPhase section */
		5C5C447C2B842DD6007A7300 /* Frameworks */ = {
			isa = PBXFrameworksBuildPhase;
			buildActionMask = 2147483647;
			files = (
			);
			runOnlyForDeploymentPostprocessing = 0;
		};
		5C5C448C2B842DD7007A7300 /* Frameworks */ = {
			isa = PBXFrameworksBuildPhase;
			buildActionMask = 2147483647;
			files = (
			);
			runOnlyForDeploymentPostprocessing = 0;
		};
		5C5C44962B842DD7007A7300 /* Frameworks */ = {
			isa = PBXFrameworksBuildPhase;
			buildActionMask = 2147483647;
			files = (
			);
			runOnlyForDeploymentPostprocessing = 0;
		};
/* End PBXFrameworksBuildPhase section */

/* Begin PBXGroup section */
		5C5C44762B842DD6007A7300 = {
			isa = PBXGroup;
			children = (
				5C5C44812B842DD6007A7300 /* basics */,
				5C5C44922B842DD7007A7300 /* basicsTests */,
				5C5C449C2B842DD7007A7300 /* basicsUITests */,
				5C5C44802B842DD6007A7300 /* Products */,
			);
			sourceTree = "<group>";
		};
		5C5C44802B842DD6007A7300 /* Products */ = {
			isa = PBXGroup;
			children = (
				5C5C447F2B842DD6007A7300 /* basics.app */,
				5C5C448F2B842DD7007A7300 /* basicsTests.xctest */,
				5C5C44992B842DD7007A7300 /* basicsUITests.xctest */,
			);
			name = Products;
			sourceTree = "<group>";
		};
		5C5C44812B842DD6007A7300 /* basics */ = {
			isa = PBXGroup;
			children = (
				5C5C44822B842DD6007A7300 /* basicsApp.swift */,
				5C5C44842B842DD6007A7300 /* ContentView.swift */,
				5C5C44862B842DD7007A7300 /* Assets.xcassets */,
				5C5C44882B842DD7007A7300 /* Preview Content */,
			);
			path = basics;
			sourceTree = "<group>";
		};
		5C5C44882B842DD7007A7300 /* Preview Content */ = {
			isa = PBXGroup;
			children = (
				5C5C44892B842DD7007A7300 /* Preview Assets.xcassets */,
			);
			path = "Preview Content";
			sourceTree = "<group>";
		};
		5C5C44922B842DD7007A7300 /* basicsTests */ = {
			isa = PBXGroup;
			children = (
				5C5C44932B842DD7007A7300 /* basicsTests.swift */,
			);
			path = basicsTests;
			sourceTree = "<group>";
		};
		5C5C449C2B842DD7007A7300 /* basicsUITests */ = {
			isa = PBXGroup;
			children = (
				5C5C449D2B842DD7007A7300 /* basicsUITests.swift */,
				5C5C449F2B842DD7007A7300 /* basicsUITestsLaunchTests.swift */,
			);
			path = basicsUITests;
			sourceTree = "<group>";
		};
/* End PBXGroup section */

/* Begin PBXNativeTarget section */
		5C5C447E2B842DD6007A7300 /* basics */ = {
			isa = PBXNativeTarget;
			buildConfigurationList = 5C5C44A32B842DD7007A7300 /* Build configuration list for PBXNativeTarget "basics" */;
			buildPhases = (
				5C5C447B2B842DD6007A7300 /* Sources */,
				5C5C447C2B842DD6007A7300 /* Frameworks */,
				5C5C447D2B842DD6007A7300 /* Resources */,
			);
			buildRules = (
			);
			dependencies = (
			);
			name = basics;
			productName = basics;
			productReference = 5C5C447F2B842DD6007A7300 /* basics.app */;
			productType = "com.apple.product-type.application";
		};
		5C5C448E2B842DD7007A7300 /* basicsTests */ = {
			isa = PBXNativeTarget;
			buildConfigurationList = 5C5C44A62B842DD7007A7300 /* Build configuration list for PBXNativeTarget "basicsTests" */;
			buildPhases = (
				5C5C448B2B842DD7007A7300 /* Sources */,
				5C5C448C2B842DD7007A7300 /* Frameworks */,
				5C5C448D2B842DD7007A7300 /* Resources */,
			);
			buildRules = (
			);
			dependencies = (
				5C5C44912B842DD7007A7300 /* PBXTargetDependency */,
			);
			name = basicsTests;
			productName = basicsTests;
			productReference = 5C5C448F2B842DD7007A7300 /* basicsTests.xctest */;
			productType = "com.apple.product-type.bundle.unit-test";
		};
		5C5C44982B842DD7007A7300 /* basicsUITests */ = {
			isa = PBXNativeTarget;
			buildConfigurationList = 5C5C44A92B842DD7007A7300 /* Build configuration list for PBXNativeTarget "basicsUITests" */;
			buildPhases = (
				5C5C44952B842DD7007A7300 /* Sources */,
				5C5C44962B842DD7007A7300 /* Frameworks */,
				5C5C44972B842DD7007A7300 /* Resources */,
			);
			buildRules = (
			);
			dependencies = (
				5C5C449B2B842DD7007A7300 /* PBXTargetDependency */,
			);
			name = basicsUITests;
			productName = basicsUITests;
			productReference = 5C5C44992B842DD7007A7300 /* basicsUITests.xctest */;
			productType = "com.apple.product-type.bundle.ui-testing";
		};
/* End PBXNativeTarget section */

/* Begin PBXProject section */
		5C5C44772B842DD6007A7300 /* Project object */ = {
			isa = PBXProject;
			attributes = {
				BuildIndependentTargetsInParallel = 1;
				LastSwiftUpdateCheck = 1500;
				LastUpgradeCheck = 1500;
				TargetAttributes = {
					5C5C447E2B842DD6007A7300 = {
						CreatedOnToolsVersion = 15.0.1;
					};
					5C5C448E2B842DD7007A7300 = {
						CreatedOnToolsVersion = 15.0.1;
						TestTargetID = 5C5C447E2B842DD6007A7300;
					};
					5C5C44982B842DD7007A7300 = {
						CreatedOnToolsVersion = 15.0.1;
						TestTargetID = 5C5C447E2B842DD6007A7300;
					};
				};
			};
			buildConfigurationList = 5C5C447A2B842DD6007A7300 /* Build configuration list for PBXProject "basics" */;
			compatibilityVersion = "Xcode 14.0";
			developmentRegion = en;
			hasScannedForEncodings = 0;
			knownRegions = (
				en,
				Base,
			);
			mainGroup = 5C5C44762B842DD6007A7300;
			productRefGroup = 5C5C44802B842DD6007A7300 /* Products */;
			projectDirPath = "";
			projectRoot = "";
			targets = (
				5C5C447E2B842DD6007A7300 /* basics */,
				5C5C448E2B842DD7007A7300 /* basicsTests */,
				5C5C44982B842DD7007A7300 /* basicsUITests */,
			);
		};
/* End PBXProject section */

/* Begin PBXResourcesBuildPhase section */
		5C5C447D2B842DD6007A7300 /* Resources */ = {
			isa = PBXResourcesBuildPhase;
			buildActionMask = 2147483647;
			files = (
				5C5C448A2B842DD7007A7300 /* Preview Assets.xcassets in Resources */,
				5C5C44872B842DD7007A7300 /* Assets.xcassets in Resources */,
			);
			runOnlyForDeploymentPostprocessing = 0;
		};
		5C5C448D2B842DD7007A7300 /* Resources */ = {
			isa = PBXResourcesBuildPhase;
			buildActionMask = 2147483647;
			files = (
			);
			runOnlyForDeploymentPostprocessing = 0;
		};
		5C5C44972B842DD7007A7300 /* Resources */ = {
			isa = PBXResourcesBuildPhase;
			buildActionMask = 2147483647;
			files = (
			);
			runOnlyForDeploymentPostprocessing = 0;
		};
/* End PBXResourcesBuildPhase section */

/* Begin PBXSourcesBuildPhase section */
		5C5C447B2B842DD6007A7300 /* Sources */ = {
			isa = PBXSourcesBuildPhase;
			buildActionMask = 2147483647;
			files = (
				5C5C44852B842DD6007A7300 /* ContentView.swift in Sources */,
				5C5C44832B842DD6007A7300 /* basicsApp.swift in Sources */,
			);
			runOnlyForDeploymentPostprocessing = 0;
		};
		5C5C448B2B842DD7007A7300 /* Sources */ = {
			isa = PBXSourcesBuildPhase;
			buildActionMask = 2147483647;
			files = (
				5C5C44942B842DD7007A7300 /* basicsTests.swift in Sources */,
			);
			runOnlyForDeploymentPostprocessing = 0;
		};
		5C5C44952B842DD7007A7300 /* Sources */ = {
			isa = PBXSourcesBuildPhase;
			buildActionMask = 2147483647;
			files = (
				5C5C449E2B842DD7007A7300 /* basicsUITests.swift in Sources */,
				5C5C44A02B842DD7007A7300 /* basicsUITestsLaunchTests.swift in Sources */,
			);
			runOnlyForDeploymentPostprocessing = 0;
		};
/* End PBXSourcesBuildPhase section */

/* Begin PBXTargetDependency section */
		5C5C44912B842DD7007A7300 /* PBXTargetDependency */ = {
			isa = PBXTargetDependency;
			target = 5C5C447E2B842DD6007A7300 /* basics */;
			targetProxy = 5C5C44902B842DD7007A7300 /* PBXContainerItemProxy */;
		};
		5C5C449B2B842DD7007A7300 /* PBXTargetDependency */ = {
			isa = PBXTargetDependency;
			target = 5C5C447E2B842DD6007A7300 /* basics */;
			targetProxy = 5C5C449A2B842DD7007A7300 /* PBXContainerItemProxy */;
		};
/* End PBXTargetDependency section */

/* Begin XCBuildConfiguration section */
		5C5C44A12B842DD7007A7300 /* Debug */ = {
			isa = XCBuildConfiguration;
			buildSettings = {
				ALWAYS_SEARCH_USER_PATHS = NO;
				ASSETCATALOG_COMPILER_GENERATE_SWIFT_ASSET_SYMBOL_EXTENSIONS = YES;
				CLANG_ANALYZER_NONNULL = YES;
				CLANG_ANALYZER_NUMBER_OBJECT_CONVERSION = YES_AGGRESSIVE;
				CLANG_CXX_LANGUAGE_STANDARD = "gnu++20";
				CLANG_ENABLE_MODULES = YES;
				CLANG_ENABLE_OBJC_ARC = YES;
				CLANG_ENABLE_OBJC_WEAK = YES;
				CLANG_WARN_BLOCK_CAPTURE_AUTORELEASING = YES;
				CLANG_WARN_BOOL_CONVERSION = YES;
				CLANG_WARN_COMMA = YES;
				CLANG_WARN_CONSTANT_CONVERSION = YES;
				CLANG_WARN_DEPRECATED_OBJC_IMPLEMENTATIONS = YES;
				CLANG_WARN_DIRECT_OBJC_ISA_USAGE = YES_ERROR;
				CLANG_WARN_DOCUMENTATION_COMMENTS = YES;
				CLANG_WARN_EMPTY_BODY = YES;
				CLANG_WARN_ENUM_CONVERSION = YES;
				CLANG_WARN_INFINITE_RECURSION = YES;
				CLANG_WARN_INT_CONVERSION = YES;
				CLANG_WARN_NON_LITERAL_NULL_CONVERSION = YES;
				CLANG_WARN_OBJC_IMPLICIT_RETAIN_SELF = YES;
				CLANG_WARN_OBJC_LITERAL_CONVERSION = YES;
				CLANG_WARN_OBJC_ROOT_CLASS = YES_ERROR;
				CLANG_WARN_QUOTED_INCLUDE_IN_FRAMEWORK_HEADER = YES;
				CLANG_WARN_RANGE_LOOP_ANALYSIS = YES;
				CLANG_WARN_STRICT_PROTOTYPES = YES;
				CLANG_WARN_SUSPICIOUS_MOVE = YES;
				CLANG_WARN_UNGUARDED_AVAILABILITY = YES_AGGRESSIVE;
				CLANG_WARN_UNREACHABLE_CODE = YES;
				CLANG_WARN__DUPLICATE_METHOD_MATCH = YES;
				COPY_PHASE_STRIP = NO;
				DEBUG_INFORMATION_FORMAT = dwarf;
				ENABLE_STRICT_OBJC_MSGSEND = YES;
				ENABLE_TESTABILITY = YES;
				ENABLE_USER_SCRIPT_SANDBOXING = YES;
				GCC_C_LANGUAGE_STANDARD = gnu17;
				GCC_DYNAMIC_NO_PIC = NO;
				GCC_NO_COMMON_BLOCKS = YES;
				GCC_OPTIMIZATION_LEVEL = 0;
				GCC_PREPROCESSOR_DEFINITIONS = (
					"DEBUG=1",
					"$(inherited)",
				);
				GCC_WARN_64_TO_32_BIT_CONVERSION = YES;
				GCC_WARN_ABOUT_RETURN_TYPE = YES_ERROR;
				GCC_WARN_UNDECLARED_SELECTOR = YES;
				GCC_WARN_UNINITIALIZED_AUTOS = YES_AGGRESSIVE;
				GCC_WARN_UNUSED_FUNCTION = YES;
				GCC_WARN_UNUSED_VARIABLE = YES;
				IPHONEOS_DEPLOYMENT_TARGET = 17.0;
				LOCALIZATION_PREFERS_STRING_CATALOGS = YES;
				MTL_ENABLE_DEBUG_INFO = INCLUDE_SOURCE;
				MTL_FAST_MATH = YES;
				ONLY_ACTIVE_ARCH = YES;
				SDKROOT = iphoneos;
				SWIFT_ACTIVE_COMPILATION_CONDITIONS = "DEBUG $(inherited)";
				SWIFT_OPTIMIZATION_LEVEL = "-Onone";
			};
			name = Debug;
		};
		5C5C44A22B842DD7007A7300 /* Release */ = {
			isa = XCBuildConfiguration;
			buildSettings = {
				ALWAYS_SEARCH_USER_PATHS = NO;
				ASSETCATALOG_COMPILER_GENERATE_SWIFT_ASSET_SYMBOL_EXTENSIONS = YES;
				CLANG_ANALYZER_NONNULL = YES;
				CLANG_ANALYZER_NUMBER_OBJECT_CONVERSION = YES_AGGRESSIVE;
				CLANG_CXX_LANGUAGE_STANDARD = "gnu++20";
				CLANG_ENABLE_MODULES = YES;
				CLANG_ENABLE_OBJC_ARC = YES;
				CLANG_ENABLE_OBJC_WEAK = YES;
				CLANG_WARN_BLOCK_CAPTURE_AUTORELEASING = YES;
				CLANG_WARN_BOOL_CONVERSION = YES;
				CLANG_WARN_COMMA = YES;
				CLANG_WARN_CONSTANT_CONVERSION = YES;
				CLANG_WARN_DEPRECATED_OBJC_IMPLEMENTATIONS = YES;
				CLANG_WARN_DIRECT_OBJC_ISA_USAGE = YES_ERROR;
				CLANG_WARN_DOCUMENTATION_COMMENTS = YES;
				CLANG_WARN_EMPTY_BODY = YES;
				CLANG_WARN_ENUM_CONVERSION = YES;
				CLANG_WARN_INFINITE_RECURSION = YES;
				CLANG_WARN_INT_CONVERSION = YES;
				CLANG_WARN_NON_LITERAL_NULL_CONVERSION = YES;
				CLANG_WARN_OBJC_IMPLICIT_RETAIN_SELF = YES;
				CLANG_WARN_OBJC_LITERAL_CONVERSION = YES;
				CLANG_WARN_OBJC_ROOT_CLASS = YES_ERROR;
				CLANG_WARN_QUOTED_INCLUDE_IN_FRAMEWORK_HEADER = YES;
				CLANG_WARN_RANGE_LOOP_ANALYSIS = YES;
				CLANG_WARN_STRICT_PROTOTYPES = YES;
				CLANG_WARN_SUSPICIOUS_MOVE = YES;
				CLANG_WARN_UNGUARDED_AVAILABILITY = YES_AGGRESSIVE;
				CLANG_WARN_UNREACHABLE_CODE = YES;
				CLANG_WARN__DUPLICATE_METHOD_MATCH = YES;
				COPY_PHASE_STRIP = NO;
				DEBUG_INFORMATION_FORMAT = "dwarf-with-dsym";
				ENABLE_NS_ASSERTIONS = NO;
				ENABLE_STRICT_OBJC_MSGSEND = YES;
				ENABLE_USER_SCRIPT_SANDBOXING = YES;
				GCC_C_LANGUAGE_STANDARD = gnu17;
				GCC_NO_COMMON_BLOCKS = YES;
				GCC_WARN_64_TO_32_BIT_CONVERSION = YES;
				GCC_WARN_ABOUT_RETURN_TYPE = YES_ERROR;
				GCC_WARN_UNDECLARED_SELECTOR = YES;
				GCC_WARN_UNINITIALIZED_AUTOS = YES_AGGRESSIVE;
				GCC_WARN_UNUSED_FUNCTION = YES;
				GCC_WARN_UNUSED_VARIABLE = YES;
				IPHONEOS_DEPLOYMENT_TARGET = 17.0;
				LOCALIZATION_PREFERS_STRING_CATALOGS = YES;
				MTL_ENABLE_DEBUG_INFO = NO;
				MTL_FAST_MATH = YES;
				SDKROOT = iphoneos;
				SWIFT_COMPILATION_MODE = wholemodule;
				VALIDATE_PRODUCT = YES;
			};
			name = Release;
		};
		5C5C44A42B842DD7007A7300 /* Debug */ = {
			isa = XCBuildConfiguration;
			buildSettings = {
				ASSETCATALOG_COMPILER_APPICON_NAME = AppIcon;
				ASSETCATALOG_COMPILER_GLOBAL_ACCENT_COLOR_NAME = AccentColor;
				CODE_SIGN_STYLE = Automatic;
				CURRENT_PROJECT_VERSION = 1;
				DEVELOPMENT_ASSET_PATHS = "\"basics/Preview Content\"";
				DEVELOPMENT_TEAM = B6AQG9X9QX;
				ENABLE_PREVIEWS = YES;
				GENERATE_INFOPLIST_FILE = YES;
				INFOPLIST_KEY_UIApplicationSceneManifest_Generation = YES;
				INFOPLIST_KEY_UIApplicationSupportsIndirectInputEvents = YES;
				INFOPLIST_KEY_UILaunchScreen_Generation = YES;
				INFOPLIST_KEY_UISupportedInterfaceOrientations_iPad = "UIInterfaceOrientationPortrait UIInterfaceOrientationPortraitUpsideDown UIInterfaceOrientationLandscapeLeft UIInterfaceOrientationLandscapeRight";
				INFOPLIST_KEY_UISupportedInterfaceOrientations_iPhone = "UIInterfaceOrientationPortrait UIInterfaceOrientationLandscapeLeft UIInterfaceOrientationLandscapeRight";
				LD_RUNPATH_SEARCH_PATHS = (
					"$(inherited)",
					"@executable_path/Frameworks",
				);
				MARKETING_VERSION = 1.0;
				PRODUCT_BUNDLE_IDENTIFIER = freelance.basics;
				PRODUCT_NAME = "$(TARGET_NAME)";
				SWIFT_EMIT_LOC_STRINGS = YES;
				SWIFT_VERSION = 5.0;
				TARGETED_DEVICE_FAMILY = "1,2";
			};
			name = Debug;
		};
		5C5C44A52B842DD7007A7300 /* Release */ = {
			isa = XCBuildConfiguration;
			buildSettings = {
				ASSETCATALOG_COMPILER_APPICON_NAME = AppIcon;
				ASSETCATALOG_COMPILER_GLOBAL_ACCENT_COLOR_NAME = AccentColor;
				CODE_SIGN_STYLE = Automatic;
				CURRENT_PROJECT_VERSION = 1;
				DEVELOPMENT_ASSET_PATHS = "\"basics/Preview Content\"";
				DEVELOPMENT_TEAM = B6AQG9X9QX;
				ENABLE_PREVIEWS = YES;
				GENERATE_INFOPLIST_FILE = YES;
				INFOPLIST_KEY_UIApplicationSceneManifest_Generation = YES;
				INFOPLIST_KEY_UIApplicationSupportsIndirectInputEvents = YES;
				INFOPLIST_KEY_UILaunchScreen_Generation = YES;
				INFOPLIST_KEY_UISupportedInterfaceOrientations_iPad = "UIInterfaceOrientationPortrait UIInterfaceOrientationPortraitUpsideDown UIInterfaceOrientationLandscapeLeft UIInterfaceOrientationLandscapeRight";
				INFOPLIST_KEY_UISupportedInterfaceOrientations_iPhone = "UIInterfaceOrientationPortrait UIInterfaceOrientationLandscapeLeft UIInterfaceOrientationLandscapeRight";
				LD_RUNPATH_SEARCH_PATHS = (
					"$(inherited)",
					"@executable_path/Frameworks",
				);
				MARKETING_VERSION = 1.0;
				PRODUCT_BUNDLE_IDENTIFIER = freelance.basics;
				PRODUCT_NAME = "$(TARGET_NAME)";
				SWIFT_EMIT_LOC_STRINGS = YES;
				SWIFT_VERSION = 5.0;
				TARGETED_DEVICE_FAMILY = "1,2";
			};
			name = Release;
		};
		5C5C44A72B842DD7007A7300 /* Debug */ = {
			isa = XCBuildConfiguration;
			buildSettings = {
				ALWAYS_EMBED_SWIFT_STANDARD_LIBRARIES = YES;
				BUNDLE_LOADER = "$(TEST_HOST)";
				CODE_SIGN_STYLE = Automatic;
				CURRENT_PROJECT_VERSION = 1;
				DEVELOPMENT_TEAM = B6AQG9X9QX;
				GENERATE_INFOPLIST_FILE = YES;
				IPHONEOS_DEPLOYMENT_TARGET = 17.0;
				MARKETING_VERSION = 1.0;
				PRODUCT_BUNDLE_IDENTIFIER = freelance.basicsTests;
				PRODUCT_NAME = "$(TARGET_NAME)";
				SWIFT_EMIT_LOC_STRINGS = NO;
				SWIFT_VERSION = 5.0;
				TARGETED_DEVICE_FAMILY = "1,2";
				TEST_HOST = "$(BUILT_PRODUCTS_DIR)/basics.app/$(BUNDLE_EXECUTABLE_FOLDER_PATH)/basics";
			};
			name = Debug;
		};
		5C5C44A82B842DD7007A7300 /* Release */ = {
			isa = XCBuildConfiguration;
			buildSettings = {
				ALWAYS_EMBED_SWIFT_STANDARD_LIBRARIES = YES;
				BUNDLE_LOADER = "$(TEST_HOST)";
				CODE_SIGN_STYLE = Automatic;
				CURRENT_PROJECT_VERSION = 1;
				DEVELOPMENT_TEAM = B6AQG9X9QX;
				GENERATE_INFOPLIST_FILE = YES;
				IPHONEOS_DEPLOYMENT_TARGET = 17.0;
				MARKETING_VERSION = 1.0;
				PRODUCT_BUNDLE_IDENTIFIER = freelance.basicsTests;
				PRODUCT_NAME = "$(TARGET_NAME)";
				SWIFT_EMIT_LOC_STRINGS = NO;
				SWIFT_VERSION = 5.0;
				TARGETED_DEVICE_FAMILY = "1,2";
				TEST_HOST = "$(BUILT_PRODUCTS_DIR)/basics.app/$(BUNDLE_EXECUTABLE_FOLDER_PATH)/basics";
			};
			name = Release;
		};
		5C5C44AA2B842DD7007A7300 /* Debug */ = {
			isa = XCBuildConfiguration;
			buildSettings = {
				ALWAYS_EMBED_SWIFT_STANDARD_LIBRARIES = YES;
				CODE_SIGN_STYLE = Automatic;
				CURRENT_PROJECT_VERSION = 1;
				DEVELOPMENT_TEAM = B6AQG9X9QX;
				GENERATE_INFOPLIST_FILE = YES;
				MARKETING_VERSION = 1.0;
				PRODUCT_BUNDLE_IDENTIFIER = freelance.basicsUITests;
				PRODUCT_NAME = "$(TARGET_NAME)";
				SWIFT_EMIT_LOC_STRINGS = NO;
				SWIFT_VERSION = 5.0;
				TARGETED_DEVICE_FAMILY = "1,2";
				TEST_TARGET_NAME = basics;
			};
			name = Debug;
		};
		5C5C44AB2B842DD7007A7300 /* Release */ = {
			isa = XCBuildConfiguration;
			buildSettings = {
				ALWAYS_EMBED_SWIFT_STANDARD_LIBRARIES = YES;
				CODE_SIGN_STYLE = Automatic;
				CURRENT_PROJECT_VERSION = 1;
				DEVELOPMENT_TEAM = B6AQG9X9QX;
				GENERATE_INFOPLIST_FILE = YES;
				MARKETING_VERSION = 1.0;
				PRODUCT_BUNDLE_IDENTIFIER = freelance.basicsUITests;
				PRODUCT_NAME = "$(TARGET_NAME)";
				SWIFT_EMIT_LOC_STRINGS = NO;
				SWIFT_VERSION = 5.0;
				TARGETED_DEVICE_FAMILY = "1,2";
				TEST_TARGET_NAME = basics;
			};
			name = Release;
		};
/* End XCBuildConfiguration section */

/* Begin XCConfigurationList section */
		5C5C447A2B842DD6007A7300 /* Build configuration list for PBXProject "basics" */ = {
			isa = XCConfigurationList;
			buildConfigurations = (
				5C5C44A12B842DD7007A7300 /* Debug */,
				5C5C44A22B842DD7007A7300 /* Release */,
			);
			defaultConfigurationIsVisible = 0;
			defaultConfigurationName = Release;
		};
		5C5C44A32B842DD7007A7300 /* Build configuration list for PBXNativeTarget "basics" */ = {
			isa = XCConfigurationList;
			buildConfigurations = (
				5C5C44A42B842DD7007A7300 /* Debug */,
				5C5C44A52B842DD7007A7300 /* Release */,
			);
			defaultConfigurationIsVisible = 0;
			defaultConfigurationName = Release;
		};
		5C5C44A62B842DD7007A7300 /* Build configuration list for PBXNativeTarget "basicsTests" */ = {
			isa = XCConfigurationList;
			buildConfigurations = (
				5C5C44A72B842DD7007A7300 /* Debug */,
				5C5C44A82B842DD7007A7300 /* Release */,
			);
			defaultConfigurationIsVisible = 0;
			defaultConfigurationName = Release;
		};
		5C5C44A92B842DD7007A7300 /* Build configuration list for PBXNativeTarget "basicsUITests" */ = {
			isa = XCConfigurationList;
			buildConfigurations = (
				5C5C44AA2B842DD7007A7300 /* Debug */,
				5C5C44AB2B842DD7007A7300 /* Release */,
			);
			defaultConfigurationIsVisible = 0;
			defaultConfigurationName = Release;
		};
/* End XCConfigurationList section */
	};
	rootObject = 5C5C44772B842DD6007A7300 /* Project object */;
}
